// !$*UTF8*$!
{
	archiveVersion = 1;
	classes = {
	};
	objectVersion = 46;
	objects = {

/* Begin PBXBuildFile section */
		698827C81C322425002363D5 /* main.m in Sources */ = {isa = PBXBuildFile; fileRef = 698827C71C322425002363D5 /* main.m */; };
		698827CB1C322425002363D5 /* AppDelegate.m in Sources */ = {isa = PBXBuildFile; fileRef = 698827CA1C322425002363D5 /* AppDelegate.m */; };
		698827CE1C322425002363D5 /* ViewController.m in Sources */ = {isa = PBXBuildFile; fileRef = 698827CD1C322425002363D5 /* ViewController.m */; };
		698827D11C322425002363D5 /* Main.storyboard in Resources */ = {isa = PBXBuildFile; fileRef = 698827CF1C322425002363D5 /* Main.storyboard */; };
		698827D31C322425002363D5 /* Assets.xcassets in Resources */ = {isa = PBXBuildFile; fileRef = 698827D21C322425002363D5 /* Assets.xcassets */; };
		698827D61C322425002363D5 /* LaunchScreen.storyboard in Resources */ = {isa = PBXBuildFile; fileRef = 698827D41C322425002363D5 /* LaunchScreen.storyboard */; };
		698827E11C322425002363D5 /* demoTests.m in Sources */ = {isa = PBXBuildFile; fileRef = 698827E01C322425002363D5 /* demoTests.m */; };
		698827EC1C322425002363D5 /* demoUITests.m in Sources */ = {isa = PBXBuildFile; fileRef = 698827EB1C322425002363D5 /* demoUITests.m */; };
		698827FC1C32246A002363D5 /* NSSet+HYBUnicodeReadable.m in Sources */ = {isa = PBXBuildFile; fileRef = 698827FB1C32246A002363D5 /* NSSet+HYBUnicodeReadable.m */; };
		698827FD1C32246A002363D5 /* NSSet+HYBUnicodeReadable.m in Sources */ = {isa = PBXBuildFile; fileRef = 698827FB1C32246A002363D5 /* NSSet+HYBUnicodeReadable.m */; };
		698827FE1C32246A002363D5 /* NSSet+HYBUnicodeReadable.m in Sources */ = {isa = PBXBuildFile; fileRef = 698827FB1C32246A002363D5 /* NSSet+HYBUnicodeReadable.m */; };
		698828011C322479002363D5 /* NSArray+HYBUnicodeReadable.m in Sources */ = {isa = PBXBuildFile; fileRef = 698828001C322479002363D5 /* NSArray+HYBUnicodeReadable.m */; };
		698828021C322479002363D5 /* NSArray+HYBUnicodeReadable.m in Sources */ = {isa = PBXBuildFile; fileRef = 698828001C322479002363D5 /* NSArray+HYBUnicodeReadable.m */; };
		698828031C322479002363D5 /* NSArray+HYBUnicodeReadable.m in Sources */ = {isa = PBXBuildFile; fileRef = 698828001C322479002363D5 /* NSArray+HYBUnicodeReadable.m */; };
		698828061C32248D002363D5 /* NSDictionary+HYBUnicodeReadable.m in Sources */ = {isa = PBXBuildFile; fileRef = 698828051C32248D002363D5 /* NSDictionary+HYBUnicodeReadable.m */; };
		698828071C32248D002363D5 /* NSDictionary+HYBUnicodeReadable.m in Sources */ = {isa = PBXBuildFile; fileRef = 698828051C32248D002363D5 /* NSDictionary+HYBUnicodeReadable.m */; };
		698828081C32248D002363D5 /* NSDictionary+HYBUnicodeReadable.m in Sources */ = {isa = PBXBuildFile; fileRef = 698828051C32248D002363D5 /* NSDictionary+HYBUnicodeReadable.m */; };
/* End PBXBuildFile section */

/* Begin PBXContainerItemProxy section */
		698827DD1C322425002363D5 /* PBXContainerItemProxy */ = {
			isa = PBXContainerItemProxy;
			containerPortal = 698827BB1C322425002363D5 /* Project object */;
			proxyType = 1;
			remoteGlobalIDString = 698827C21C322425002363D5;
			remoteInfo = demo;
		};
		698827E81C322425002363D5 /* PBXContainerItemProxy */ = {
			isa = PBXContainerItemProxy;
			containerPortal = 698827BB1C322425002363D5 /* Project object */;
			proxyType = 1;
			remoteGlobalIDString = 698827C21C322425002363D5;
			remoteInfo = demo;
		};
/* End PBXContainerItemProxy section */

/* Begin PBXFileReference section */
		698827C31C322425002363D5 /* demo.app */ = {isa = PBXFileReference; explicitFileType = wrapper.application; includeInIndex = 0; path = demo.app; sourceTree = BUILT_PRODUCTS_DIR; };
		698827C71C322425002363D5 /* main.m */ = {isa = PBXFileReference; lastKnownFileType = sourcecode.c.objc; path = main.m; sourceTree = "<group>"; };
		698827C91C322425002363D5 /* AppDelegate.h */ = {isa = PBXFileReference; lastKnownFileType = sourcecode.c.h; path = AppDelegate.h; sourceTree = "<group>"; };
		698827CA1C322425002363D5 /* AppDelegate.m */ = {isa = PBXFileReference; lastKnownFileType = sourcecode.c.objc; path = AppDelegate.m; sourceTree = "<group>"; };
		698827CC1C322425002363D5 /* ViewController.h */ = {isa = PBXFileReference; lastKnownFileType = sourcecode.c.h; path = ViewController.h; sourceTree = "<group>"; };
		698827CD1C322425002363D5 /* ViewController.m */ = {isa = PBXFileReference; lastKnownFileType = sourcecode.c.objc; path = ViewController.m; sourceTree = "<group>"; };
		698827D01C322425002363D5 /* Base */ = {isa = PBXFileReference; lastKnownFileType = file.storyboard; name = Base; path = Base.lproj/Main.storyboard; sourceTree = "<group>"; };
		698827D21C322425002363D5 /* Assets.xcassets */ = {isa = PBXFileReference; lastKnownFileType = folder.assetcatalog; path = Assets.xcassets; sourceTree = "<group>"; };
		698827D51C322425002363D5 /* Base */ = {isa = PBXFileReference; lastKnownFileType = file.storyboard; name = Base; path = Base.lproj/LaunchScreen.storyboard; sourceTree = "<group>"; };
		698827D71C322425002363D5 /* Info.plist */ = {isa = PBXFileReference; lastKnownFileType = text.plist.xml; path = Info.plist; sourceTree = "<group>"; };
		698827DC1C322425002363D5 /* demoTests.xctest */ = {isa = PBXFileReference; explicitFileType = wrapper.cfbundle; includeInIndex = 0; path = demoTests.xctest; sourceTree = BUILT_PRODUCTS_DIR; };
		698827E01C322425002363D5 /* demoTests.m */ = {isa = PBXFileReference; lastKnownFileType = sourcecode.c.objc; path = demoTests.m; sourceTree = "<group>"; };
		698827E21C322425002363D5 /* Info.plist */ = {isa = PBXFileReference; lastKnownFileType = text.plist.xml; path = Info.plist; sourceTree = "<group>"; };
		698827E71C322425002363D5 /* demoUITests.xctest */ = {isa = PBXFileReference; explicitFileType = wrapper.cfbundle; includeInIndex = 0; path = demoUITests.xctest; sourceTree = BUILT_PRODUCTS_DIR; };
		698827EB1C322425002363D5 /* demoUITests.m */ = {isa = PBXFileReference; lastKnownFileType = sourcecode.c.objc; path = demoUITests.m; sourceTree = "<group>"; };
		698827ED1C322425002363D5 /* Info.plist */ = {isa = PBXFileReference; lastKnownFileType = text.plist.xml; path = Info.plist; sourceTree = "<group>"; };
		698827FA1C32246A002363D5 /* NSSet+HYBUnicodeReadable.h */ = {isa = PBXFileReference; fileEncoding = 4; lastKnownFileType = sourcecode.c.h; path = "NSSet+HYBUnicodeReadable.h"; sourceTree = "<group>"; };
		698827FB1C32246A002363D5 /* NSSet+HYBUnicodeReadable.m */ = {isa = PBXFileReference; fileEncoding = 4; lastKnownFileType = sourcecode.c.objc; path = "NSSet+HYBUnicodeReadable.m"; sourceTree = "<group>"; };
		698827FF1C322479002363D5 /* NSArray+HYBUnicodeReadable.h */ = {isa = PBXFileReference; fileEncoding = 4; lastKnownFileType = sourcecode.c.h; path = "NSArray+HYBUnicodeReadable.h"; sourceTree = "<group>"; };
		698828001C322479002363D5 /* NSArray+HYBUnicodeReadable.m */ = {isa = PBXFileReference; fileEncoding = 4; lastKnownFileType = sourcecode.c.objc; path = "NSArray+HYBUnicodeReadable.m"; sourceTree = "<group>"; };
		698828041C32248D002363D5 /* NSDictionary+HYBUnicodeReadable.h */ = {isa = PBXFileReference; fileEncoding = 4; lastKnownFileType = sourcecode.c.h; path = "NSDictionary+HYBUnicodeReadable.h"; sourceTree = "<group>"; };
		698828051C32248D002363D5 /* NSDictionary+HYBUnicodeReadable.m */ = {isa = PBXFileReference; fileEncoding = 4; lastKnownFileType = sourcecode.c.objc; path = "NSDictionary+HYBUnicodeReadable.m"; sourceTree = "<group>"; };
/* End PBXFileReference section */

/* Begin PBXFrameworksBuildPhase section */
		698827C01C322425002363D5 /* Frameworks */ = {
			isa = PBXFrameworksBuildPhase;
			buildActionMask = 2147483647;
			files = (
			);
			runOnlyForDeploymentPostprocessing = 0;
		};
		698827D91C322425002363D5 /* Frameworks */ = {
			isa = PBXFrameworksBuildPhase;
			buildActionMask = 2147483647;
			files = (
			);
			runOnlyForDeploymentPostprocessing = 0;
		};
		698827E41C322425002363D5 /* Frameworks */ = {
			isa = PBXFrameworksBuildPhase;
			buildActionMask = 2147483647;
			files = (
			);
			runOnlyForDeploymentPostprocessing = 0;
		};
/* End PBXFrameworksBuildPhase section */

/* Begin PBXGroup section */
		698827BA1C322425002363D5 = {
			isa = PBXGroup;
			children = (
				698827C51C322425002363D5 /* demo */,
				698827DF1C322425002363D5 /* demoTests */,
				698827EA1C322425002363D5 /* demoUITests */,
				698827C41C322425002363D5 /* Products */,
			);
			sourceTree = "<group>";
		};
		698827C41C322425002363D5 /* Products */ = {
			isa = PBXGroup;
			children = (
				698827C31C322425002363D5 /* demo.app */,
				698827DC1C322425002363D5 /* demoTests.xctest */,
				698827E71C322425002363D5 /* demoUITests.xctest */,
			);
			name = Products;
			sourceTree = "<group>";
		};
		698827C51C322425002363D5 /* demo */ = {
			isa = PBXGroup;
			children = (
				698827F91C322459002363D5 /* HYBUnicodeReadable */,
				698827C91C322425002363D5 /* AppDelegate.h */,
				698827CA1C322425002363D5 /* AppDelegate.m */,
				698827CC1C322425002363D5 /* ViewController.h */,
				698827CD1C322425002363D5 /* ViewController.m */,
				698827CF1C322425002363D5 /* Main.storyboard */,
				698827D21C322425002363D5 /* Assets.xcassets */,
				698827D41C322425002363D5 /* LaunchScreen.storyboard */,
				698827D71C322425002363D5 /* Info.plist */,
				698827C61C322425002363D5 /* Supporting Files */,
			);
			path = demo;
			sourceTree = "<group>";
		};
		698827C61C322425002363D5 /* Supporting Files */ = {
			isa = PBXGroup;
			children = (
				698827C71C322425002363D5 /* main.m */,
			);
			name = "Supporting Files";
			sourceTree = "<group>";
		};
		698827DF1C322425002363D5 /* demoTests */ = {
			isa = PBXGroup;
			children = (
				698827E01C322425002363D5 /* demoTests.m */,
				698827E21C322425002363D5 /* Info.plist */,
			);
			path = demoTests;
			sourceTree = "<group>";
		};
		698827EA1C322425002363D5 /* demoUITests */ = {
			isa = PBXGroup;
			children = (
				698827EB1C322425002363D5 /* demoUITests.m */,
				698827ED1C322425002363D5 /* Info.plist */,
			);
			path = demoUITests;
			sourceTree = "<group>";
		};
		698827F91C322459002363D5 /* HYBUnicodeReadable */ = {
			isa = PBXGroup;
			children = (
				698827FA1C32246A002363D5 /* NSSet+HYBUnicodeReadable.h */,
				698827FB1C32246A002363D5 /* NSSet+HYBUnicodeReadable.m */,
				698827FF1C322479002363D5 /* NSArray+HYBUnicodeReadable.h */,
				698828001C322479002363D5 /* NSArray+HYBUnicodeReadable.m */,
				698828041C32248D002363D5 /* NSDictionary+HYBUnicodeReadable.h */,
				698828051C32248D002363D5 /* NSDictionary+HYBUnicodeReadable.m */,
			);
			name = HYBUnicodeReadable;
			path = ../../HYBUnicodeReadable;
			sourceTree = "<group>";
		};
/* End PBXGroup section */

/* Begin PBXNativeTarget section */
		698827C21C322425002363D5 /* demo */ = {
			isa = PBXNativeTarget;
			buildConfigurationList = 698827F01C322425002363D5 /* Build configuration list for PBXNativeTarget "demo" */;
			buildPhases = (
				698827BF1C322425002363D5 /* Sources */,
				698827C01C322425002363D5 /* Frameworks */,
				698827C11C322425002363D5 /* Resources */,
			);
			buildRules = (
			);
			dependencies = (
			);
			name = demo;
			productName = demo;
			productReference = 698827C31C322425002363D5 /* demo.app */;
			productType = "com.apple.product-type.application";
		};
		698827DB1C322425002363D5 /* demoTests */ = {
			isa = PBXNativeTarget;
			buildConfigurationList = 698827F31C322425002363D5 /* Build configuration list for PBXNativeTarget "demoTests" */;
			buildPhases = (
				698827D81C322425002363D5 /* Sources */,
				698827D91C322425002363D5 /* Frameworks */,
				698827DA1C322425002363D5 /* Resources */,
			);
			buildRules = (
			);
			dependencies = (
				698827DE1C322425002363D5 /* PBXTargetDependency */,
			);
			name = demoTests;
			productName = demoTests;
			productReference = 698827DC1C322425002363D5 /* demoTests.xctest */;
			productType = "com.apple.product-type.bundle.unit-test";
		};
		698827E61C322425002363D5 /* demoUITests */ = {
			isa = PBXNativeTarget;
			buildConfigurationList = 698827F61C322425002363D5 /* Build configuration list for PBXNativeTarget "demoUITests" */;
			buildPhases = (
				698827E31C322425002363D5 /* Sources */,
				698827E41C322425002363D5 /* Frameworks */,
				698827E51C322425002363D5 /* Resources */,
			);
			buildRules = (
			);
			dependencies = (
				698827E91C322425002363D5 /* PBXTargetDependency */,
			);
			name = demoUITests;
			productName = demoUITests;
			productReference = 698827E71C322425002363D5 /* demoUITests.xctest */;
			productType = "com.apple.product-type.bundle.ui-testing";
		};
/* End PBXNativeTarget section */

/* Begin PBXProject section */
		698827BB1C322425002363D5 /* Project object */ = {
			isa = PBXProject;
			attributes = {
				LastUpgradeCheck = 0720;
				ORGANIZATIONNAME = huangyibiao;
				TargetAttributes = {
					698827C21C322425002363D5 = {
						CreatedOnToolsVersion = 7.2;
					};
					698827DB1C322425002363D5 = {
						CreatedOnToolsVersion = 7.2;
						TestTargetID = 698827C21C322425002363D5;
					};
					698827E61C322425002363D5 = {
						CreatedOnToolsVersion = 7.2;
						TestTargetID = 698827C21C322425002363D5;
					};
				};
			};
			buildConfigurationList = 698827BE1C322425002363D5 /* Build configuration list for PBXProject "demo" */;
			compatibilityVersion = "Xcode 3.2";
			developmentRegion = English;
			hasScannedForEncodings = 0;
			knownRegions = (
				en,
				Base,
			);
			mainGroup = 698827BA1C322425002363D5;
			productRefGroup = 698827C41C322425002363D5 /* Products */;
			projectDirPath = "";
			projectRoot = "";
			targets = (
				698827C21C322425002363D5 /* demo */,
				698827DB1C322425002363D5 /* demoTests */,
				698827E61C322425002363D5 /* demoUITests */,
			);
		};
/* End PBXProject section */

/* Begin PBXResourcesBuildPhase section */
		698827C11C322425002363D5 /* Resources */ = {
			isa = PBXResourcesBuildPhase;
			buildActionMask = 2147483647;
			files = (
				698827D61C322425002363D5 /* LaunchScreen.storyboard in Resources */,
				698827D31C322425002363D5 /* Assets.xcassets in Resources */,
				698827D11C322425002363D5 /* Main.storyboard in Resources */,
			);
			runOnlyForDeploymentPostprocessing = 0;
		};
		698827DA1C322425002363D5 /* Resources */ = {
			isa = PBXResourcesBuildPhase;
			buildActionMask = 2147483647;
			files = (
			);
			runOnlyForDeploymentPostprocessing = 0;
		};
		698827E51C322425002363D5 /* Resources */ = {
			isa = PBXResourcesBuildPhase;
			buildActionMask = 2147483647;
			files = (
			);
			runOnlyForDeploymentPostprocessing = 0;
		};
/* End PBXResourcesBuildPhase section */

/* Begin PBXSourcesBuildPhase section */
		698827BF1C322425002363D5 /* Sources */ = {
			isa = PBXSourcesBuildPhase;
			buildActionMask = 2147483647;
			files = (
				698827CE1C322425002363D5 /* ViewController.m in Sources */,
				698827CB1C322425002363D5 /* AppDelegate.m in Sources */,
				698827C81C322425002363D5 /* main.m in Sources */,
				698828011C322479002363D5 /* NSArray+HYBUnicodeReadable.m in Sources */,
				698828061C32248D002363D5 /* NSDictionary+HYBUnicodeReadable.m in Sources */,
				698827FC1C32246A002363D5 /* NSSet+HYBUnicodeReadable.m in Sources */,
			);
			runOnlyForDeploymentPostprocessing = 0;
		};
		698827D81C322425002363D5 /* Sources */ = {
			isa = PBXSourcesBuildPhase;
			buildActionMask = 2147483647;
			files = (
				698828071C32248D002363D5 /* NSDictionary+HYBUnicodeReadable.m in Sources */,
				698827E11C322425002363D5 /* demoTests.m in Sources */,
				698828021C322479002363D5 /* NSArray+HYBUnicodeReadable.m in Sources */,
				698827FD1C32246A002363D5 /* NSSet+HYBUnicodeReadable.m in Sources */,
			);
			runOnlyForDeploymentPostprocessing = 0;
		};
		698827E31C322425002363D5 /* Sources */ = {
			isa = PBXSourcesBuildPhase;
			buildActionMask = 2147483647;
			files = (
				698828081C32248D002363D5 /* NSDictionary+HYBUnicodeReadable.m in Sources */,
				698827EC1C322425002363D5 /* demoUITests.m in Sources */,
				698828031C322479002363D5 /* NSArray+HYBUnicodeReadable.m in Sources */,
				698827FE1C32246A002363D5 /* NSSet+HYBUnicodeReadable.m in Sources */,
			);
			runOnlyForDeploymentPostprocessing = 0;
		};
/* End PBXSourcesBuildPhase section */

/* Begin PBXTargetDependency section */
		698827DE1C322425002363D5 /* PBXTargetDependency */ = {
			isa = PBXTargetDependency;
			target = 698827C21C322425002363D5 /* demo */;
			targetProxy = 698827DD1C322425002363D5 /* PBXContainerItemProxy */;
		};
		698827E91C322425002363D5 /* PBXTargetDependency */ = {
			isa = PBXTargetDependency;
			target = 698827C21C322425002363D5 /* demo */;
			targetProxy = 698827E81C322425002363D5 /* PBXContainerItemProxy */;
		};
/* End PBXTargetDependency section */

/* Begin PBXVariantGroup section */
		698827CF1C322425002363D5 /* Main.storyboard */ = {
			isa = PBXVariantGroup;
			children = (
				698827D01C322425002363D5 /* Base */,
			);
			name = Main.storyboard;
			sourceTree = "<group>";
		};
		698827D41C322425002363D5 /* LaunchScreen.storyboard */ = {
			isa = PBXVariantGroup;
			children = (
				698827D51C322425002363D5 /* Base */,
			);
			name = LaunchScreen.storyboard;
			sourceTree = "<group>";
		};
/* End PBXVariantGroup section */

/* Begin XCBuildConfiguration section */
		698827EE1C322425002363D5 /* Debug */ = {
			isa = XCBuildConfiguration;
			buildSettings = {
				ALWAYS_SEARCH_USER_PATHS = NO;
				CLANG_CXX_LANGUAGE_STANDARD = "gnu++0x";
				CLANG_CXX_LIBRARY = "libc++";
				CLANG_ENABLE_MODULES = YES;
				CLANG_ENABLE_OBJC_ARC = YES;
				CLANG_WARN_BOOL_CONVERSION = YES;
				CLANG_WARN_CONSTANT_CONVERSION = YES;
				CLANG_WARN_DIRECT_OBJC_ISA_USAGE = YES_ERROR;
				CLANG_WARN_EMPTY_BODY = YES;
				CLANG_WARN_ENUM_CONVERSION = YES;
				CLANG_WARN_INT_CONVERSION = YES;
				CLANG_WARN_OBJC_ROOT_CLASS = YES_ERROR;
				CLANG_WARN_UNREACHABLE_CODE = YES;
				CLANG_WARN__DUPLICATE_METHOD_MATCH = YES;
				"CODE_SIGN_IDENTITY[sdk=iphoneos*]" = "iPhone Developer";
				COPY_PHASE_STRIP = NO;
				DEBUG_INFORMATION_FORMAT = dwarf;
				ENABLE_STRICT_OBJC_MSGSEND = YES;
				ENABLE_TESTABILITY = YES;
				GCC_C_LANGUAGE_STANDARD = gnu99;
				GCC_DYNAMIC_NO_PIC = NO;
				GCC_NO_COMMON_BLOCKS = YES;
				GCC_OPTIMIZATION_LEVEL = 0;
				GCC_PREPROCESSOR_DEFINITIONS = (
					"DEBUG=1",
					"$(inherited)",
				);
				GCC_WARN_64_TO_32_BIT_CONVERSION = YES;
				GCC_WARN_ABOUT_RETURN_TYPE = YES_ERROR;
				GCC_WARN_UNDECLARED_SELECTOR = YES;
				GCC_WARN_UNINITIALIZED_AUTOS = YES_AGGRESSIVE;
				GCC_WARN_UNUSED_FUNCTION = YES;
				GCC_WARN_UNUSED_VARIABLE = YES;
				IPHONEOS_DEPLOYMENT_TARGET = 9.2;
				MTL_ENABLE_DEBUG_INFO = YES;
				ONLY_ACTIVE_ARCH = YES;
				SDKROOT = iphoneos;
			};
			name = Debug;
		};
		698827EF1C322425002363D5 /* Release */ = {
			isa = XCBuildConfiguration;
			buildSettings = {
				ALWAYS_SEARCH_USER_PATHS = NO;
				CLANG_CXX_LANGUAGE_STANDARD = "gnu++0x";
				CLANG_CXX_LIBRARY = "libc++";
				CLANG_ENABLE_MODULES = YES;
				CLANG_ENABLE_OBJC_ARC = YES;
				CLANG_WARN_BOOL_CONVERSION = YES;
				CLANG_WARN_CONSTANT_CONVERSION = YES;
				CLANG_WARN_DIRECT_OBJC_ISA_USAGE = YES_ERROR;
				CLANG_WARN_EMPTY_BODY = YES;
				CLANG_WARN_ENUM_CONVERSION = YES;
				CLANG_WARN_INT_CONVERSION = YES;
				CLANG_WARN_OBJC_ROOT_CLASS = YES_ERROR;
				CLANG_WARN_UNREACHABLE_CODE = YES;
				CLANG_WARN__DUPLICATE_METHOD_MATCH = YES;
				"CODE_SIGN_IDENTITY[sdk=iphoneos*]" = "iPhone Developer";
				COPY_PHASE_STRIP = NO;
				DEBUG_INFORMATION_FORMAT = "dwarf-with-dsym";
				ENABLE_NS_ASSERTIONS = NO;
				ENABLE_STRICT_OBJC_MSGSEND = YES;
				GCC_C_LANGUAGE_STANDARD = gnu99;
				GCC_NO_COMMON_BLOCKS = YES;
				GCC_WARN_64_TO_32_BIT_CONVERSION = YES;
				GCC_WARN_ABOUT_RETURN_TYPE = YES_ERROR;
				GCC_WARN_UNDECLARED_SELECTOR = YES;
				GCC_WARN_UNINITIALIZED_AUTOS = YES_AGGRESSIVE;
				GCC_WARN_UNUSED_FUNCTION = YES;
				GCC_WARN_UNUSED_VARIABLE = YES;
				IPHONEOS_DEPLOYMENT_TARGET = 9.2;
				MTL_ENABLE_DEBUG_INFO = NO;
				SDKROOT = iphoneos;
				VALIDATE_PRODUCT = YES;
			};
			name = Release;
		};
		698827F11C322425002363D5 /* Debug */ = {
			isa = XCBuildConfiguration;
			buildSettings = {
				ASSETCATALOG_COMPILER_APPICON_NAME = AppIcon;
				INFOPLIST_FILE = demo/Info.plist;
				LD_RUNPATH_SEARCH_PATHS = "$(inherited) @executable_path/Frameworks";
				PRODUCT_BUNDLE_IDENTIFIER = com.huangyibiao.demo;
				PRODUCT_NAME = "$(TARGET_NAME)";
			};
			name = Debug;
		};
		698827F21C322425002363D5 /* Release */ = {
			isa = XCBuildConfiguration;
			buildSettings = {
				ASSETCATALOG_COMPILER_APPICON_NAME = AppIcon;
				INFOPLIST_FILE = demo/Info.plist;
				LD_RUNPATH_SEARCH_PATHS = "$(inherited) @executable_path/Frameworks";
				PRODUCT_BUNDLE_IDENTIFIER = com.huangyibiao.demo;
				PRODUCT_NAME = "$(TARGET_NAME)";
			};
			name = Release;
		};
		698827F41C322425002363D5 /* Debug */ = {
			isa = XCBuildConfiguration;
			buildSettings = {
				BUNDLE_LOADER = "$(TEST_HOST)";
				INFOPLIST_FILE = demoTests/Info.plist;
				LD_RUNPATH_SEARCH_PATHS = "$(inherited) @executable_path/Frameworks @loader_path/Frameworks";
				PRODUCT_BUNDLE_IDENTIFIER = com.huangyibiao.demoTests;
				PRODUCT_NAME = "$(TARGET_NAME)";
				TEST_HOST = "$(BUILT_PRODUCTS_DIR)/demo.app/demo";
			};
			name = Debug;
		};
		698827F51C322425002363D5 /* Release */ = {
			isa = XCBuildConfiguration;
			buildSettings = {
				BUNDLE_LOADER = "$(TEST_HOST)";
				INFOPLIST_FILE = demoTests/Info.plist;
				LD_RUNPATH_SEARCH_PATHS = "$(inherited) @executable_path/Frameworks @loader_path/Frameworks";
				PRODUCT_BUNDLE_IDENTIFIER = com.huangyibiao.demoTests;
				PRODUCT_NAME = "$(TARGET_NAME)";
				TEST_HOST = "$(BUILT_PRODUCTS_DIR)/demo.app/demo";
			};
			name = Release;
		};
		698827F71C322425002363D5 /* Debug */ = {
			isa = XCBuildConfiguration;
			buildSettings = {
				INFOPLIST_FILE = demoUITests/Info.plist;
				LD_RUNPATH_SEARCH_PATHS = "$(inherited) @executable_path/Frameworks @loader_path/Frameworks";
				PRODUCT_BUNDLE_IDENTIFIER = com.huangyibiao.demoUITests;
				PRODUCT_NAME = "$(TARGET_NAME)";
				TEST_TARGET_NAME = demo;
				USES_XCTRUNNER = YES;
			};
			name = Debug;
		};
		698827F81C322425002363D5 /* Release */ = {
			isa = XCBuildConfiguration;
			buildSettings = {
				INFOPLIST_FILE = demoUITests/Info.plist;
				LD_RUNPATH_SEARCH_PATHS = "$(inherited) @executable_path/Frameworks @loader_path/Frameworks";
				PRODUCT_BUNDLE_IDENTIFIER = com.huangyibiao.demoUITests;
				PRODUCT_NAME = "$(TARGET_NAME)";
				TEST_TARGET_NAME = demo;
				USES_XCTRUNNER = YES;
			};
			name = Release;
		};
/* End XCBuildConfiguration section */

/* Begin XCConfigurationList section */
		698827BE1C322425002363D5 /* Build configuration list for PBXProject "demo" */ = {
			isa = XCConfigurationList;
			buildConfigurations = (
				698827EE1C322425002363D5 /* Debug */,
				698827EF1C322425002363D5 /* Release */,
			);
			defaultConfigurationIsVisible = 0;
			defaultConfigurationName = Release;
		};
		698827F01C322425002363D5 /* Build configuration list for PBXNativeTarget "demo" */ = {
			isa = XCConfigurationList;
			buildConfigurations = (
				698827F11C322425002363D5 /* Debug */,
				698827F21C322425002363D5 /* Release */,
			);
			defaultConfigurationIsVisible = 0;
		};
		698827F31C322425002363D5 /* Build configuration list for PBXNativeTarget "demoTests" */ = {
			isa = XCConfigurationList;
			buildConfigurations = (
				698827F41C322425002363D5 /* Debug */,
				698827F51C322425002363D5 /* Release */,
			);
			defaultConfigurationIsVisible = 0;
		};
		698827F61C322425002363D5 /* Build configuration list for PBXNativeTarget "demoUITests" */ = {
			isa = XCConfigurationList;
			buildConfigurations = (
				698827F71C322425002363D5 /* Debug */,
				698827F81C322425002363D5 /* Release */,
			);
			defaultConfigurationIsVisible = 0;
		};
/* End XCConfigurationList section */
	};
	rootObject = 698827BB1C322425002363D5 /* Project object */;
}
